
Microsoft Visual Studio Solution File, Format Version 12.00
# Visual Studio Version 16
VisualStudioVersion = 16.0.31702.278
MinimumVisualStudioVersion = 10.0.40219.1
Project("{9A19103F-16F7-4668-BE54-9A1E7A4F7556}") = "Monets.Api", "Monets\Monets.Api.csproj", "{FAEDFD10-F4C1-4A88-BFEE-915D99C64886}"
EndProject
Project("{9A19103F-16F7-4668-BE54-9A1E7A4F7556}") = "Monets.Model", "Monets.Model\Monets.Model.csproj", "{24A299EC-FE2B-4396-91BE-B97644900273}"
EndProject
Project("{FAE04EC0-301F-11D3-BF4B-00C04F79EFBC}") = "Monets.WinUI", "Monets.WinUI\Monets.WinUI.csproj", "{D1BB89F7-54F2-4DD9-8F24-A72BC0F52662}"
EndProject
Global
	GlobalSection(SolutionConfigurationPlatforms) = preSolution
		Debug|Any CPU = Debug|Any CPU
		Release|Any CPU = Release|Any CPU
	EndGlobalSection
	GlobalSection(ProjectConfigurationPlatforms) = postSolution
		{FAEDFD10-F4C1-4A88-BFEE-915D99C64886}.Debug|Any CPU.ActiveCfg = Debug|Any CPU
		{FAEDFD10-F4C1-4A88-BFEE-915D99C64886}.Debug|Any CPU.Build.0 = Debug|Any CPU
		{FAEDFD10-F4C1-4A88-BFEE-915D99C64886}.Release|Any CPU.ActiveCfg = Release|Any CPU
		{FAEDFD10-F4C1-4A88-BFEE-915D99C64886}.Release|Any CPU.Build.0 = Release|Any CPU
		{24A299EC-FE2B-4396-91BE-B97644900273}.Debug|Any CPU.ActiveCfg = Debug|Any CPU
		{24A299EC-FE2B-4396-91BE-B97644900273}.Debug|Any CPU.Build.0 = Debug|Any CPU
		{24A299EC-FE2B-4396-91BE-B97644900273}.Release|Any CPU.ActiveCfg = Release|Any CPU
		{24A299EC-FE2B-4396-91BE-B97644900273}.Release|Any CPU.Build.0 = Release|Any CPU
		{D1BB89F7-54F2-4DD9-8F24-A72BC0F52662}.Debug|Any CPU.ActiveCfg = Debug|Any CPU
		{D1BB89F7-54F2-4DD9-8F24-A72BC0F52662}.Debug|Any CPU.Build.0 = Debug|Any CPU
		{D1BB89F7-54F2-4DD9-8F24-A72BC0F52662}.Release|Any CPU.ActiveCfg = Release|Any CPU
		{D1BB89F7-54F2-4DD9-8F24-A72BC0F52662}.Release|Any CPU.Build.0 = Release|Any CPU
	EndGlobalSection
	GlobalSection(SolutionProperties) = preSolution
		HideSolutionNode = FALSE
	EndGlobalSection
	GlobalSection(ExtensibilityGlobals) = postSolution
		SolutionGuid = {66798583-4334-4489-BA3B-4F7843465CED}
	EndGlobalSection
EndGlobal
